<?xml version="1.0" encoding="utf-8"?>
<Project ToolsVersion="4.0" xmlns="http://schemas.microsoft.com/developer/msbuild/2003">
  <ItemGroup>
    <Filter Include="Source Files">
      <UniqueIdentifier>{4FC737F1-C7A5-4376-A066-2A32D752A2FF}</UniqueIdentifier>
      <Extensions>cpp;c;cc;cxx;def;odl;idl;hpj;bat;asm;asmx</Extensions>
    </Filter>
    <Filter Include="Header Files">
      <UniqueIdentifier>{93995380-89BD-4b04-88EB-625FBE52EBFB}</UniqueIdentifier>
      <Extensions>h;hpp;hxx;hm;inl;inc;xsd</Extensions>
    </Filter>
    <Filter Include="Resource Files">
      <UniqueIdentifier>{67DA6AB6-F800-4c08-8B7A-83BB121AAD01}</UniqueIdentifier>
      <Extensions>rc;ico;cur;bmp;dlg;rc2;rct;bin;rgs;gif;jpg;jpeg;jpe;resx;tiff;tif;png;wav;mfcribbon-ms</Extensions>
    </Filter>
    <Filter Include="Source Files\kinglib">
      <UniqueIdentifier>{71369e4a-8c3f-454a-bdba-5c82895475ea}</UniqueIdentifier>
    </Filter>
    <Filter Include="Header Files\kinglib">
      <UniqueIdentifier>{6821ade4-45c6-4243-9e66-0f5cdb1a863b}</UniqueIdentifier>
    </Filter>
    <Filter Include="Header Files\Geometry">
      <UniqueIdentifier>{b45eb4b4-7538-41fa-b920-92bf43103c4d}</UniqueIdentifier>
    </Filter>
    <Filter Include="Header Files\Util">
      <UniqueIdentifier>{ed730073-e900-4191-b441-fd6bcab322e0}</UniqueIdentifier>
    </Filter>
    <Filter Include="Source Files\Util">
      <UniqueIdentifier>{ff55aae7-2ccd-4fc2-bc30-27a6bdf7729e}</UniqueIdentifier>
    </Filter>
    <Filter Include="Header Files\GameLogic">
      <UniqueIdentifier>{5bc19bfc-20fa-4042-acc0-bdecb34a0977}</UniqueIdentifier>
    </Filter>
    <Filter Include="Source Files\GameLogic">
      <UniqueIdentifier>{535cc97d-ff3c-49cd-8ed5-d9bc5d73ac23}</UniqueIdentifier>
    </Filter>
    <Filter Include="Header Files\Animation">
      <UniqueIdentifier>{123dc439-7e59-4dd9-b024-b6a4490fc900}</UniqueIdentifier>
    </Filter>
    <Filter Include="Source Files\Animation">
      <UniqueIdentifier>{e06e7bc8-20a7-4182-9aaa-b3ccc8e5a3c5}</UniqueIdentifier>
    </Filter>
    <Filter Include="Header Files\GameObject">
      <UniqueIdentifier>{13a1a0d5-fa4a-4df9-8077-7465da9534ad}</UniqueIdentifier>
    </Filter>
    <Filter Include="Source Files\GameObject">
      <UniqueIdentifier>{7f45aec5-3e5e-4b30-a06a-ed8daf3675fa}</UniqueIdentifier>
    </Filter>
    <Filter Include="Source Files\Gem">
      <UniqueIdentifier>{176faebf-68d5-4d7c-9255-5208e56a1a01}</UniqueIdentifier>
    </Filter>
    <Filter Include="Header Files\Gem">
      <UniqueIdentifier>{d796a39d-6e65-40b0-959c-06359a620c76}</UniqueIdentifier>
    </Filter>
    <Filter Include="Header Files\Render">
      <UniqueIdentifier>{6c65401d-bedb-45bb-9f9e-a4611b9aea9a}</UniqueIdentifier>
    </Filter>
    <Filter Include="Source Files\Render">
      <UniqueIdentifier>{30ea8b99-6680-4f5c-a61c-c2348ff115e8}</UniqueIdentifier>
    </Filter>
    <Filter Include="Header Files\Text">
      <UniqueIdentifier>{d350f8c7-39c8-44a8-bd5e-24827cf96e81}</UniqueIdentifier>
    </Filter>
    <Filter Include="Source Files\Text">
      <UniqueIdentifier>{bccedf3b-df21-4696-be37-fa15cafc2b7b}</UniqueIdentifier>
    </Filter>
    <Filter Include="Header Files\GameBoard">
      <UniqueIdentifier>{94c7d182-97ac-4691-ae03-2cdfba7e94bc}</UniqueIdentifier>
    </Filter>
    <Filter Include="Source Files\GameBoard">
      <UniqueIdentifier>{0dbe33b4-da2b-4d9c-9d11-942e91673e2e}</UniqueIdentifier>
    </Filter>
    <Filter Include="Header Files\Scene">
      <UniqueIdentifier>{bb718365-c380-4b52-8ab5-9d6a7efc5b04}</UniqueIdentifier>
    </Filter>
    <Filter Include="Source Files\Scene">
      <UniqueIdentifier>{4632c946-2446-475e-82de-2351e7ab4974}</UniqueIdentifier>
    </Filter>
  </ItemGroup>
  <ItemGroup>
    <ClCompile Include="..\src\main.cpp">
      <Filter>Source Files</Filter>
    </ClCompile>
    <ClCompile Include="..\external\include\king\SdlWindow.cpp">
      <Filter>Source Files\kinglib</Filter>
    </ClCompile>
    <ClCompile Include="..\external\include\king\Engine.cpp">
      <Filter>Source Files\kinglib</Filter>
    </ClCompile>
    <ClCompile Include="..\external\include\king\Font.cpp">
      <Filter>Source Files\kinglib</Filter>
    </ClCompile>
    <ClCompile Include="..\external\include\king\GlContext.cpp">
      <Filter>Source Files\kinglib</Filter>
    </ClCompile>
    <ClCompile Include="..\external\include\king\Sdl.cpp">
      <Filter>Source Files\kinglib</Filter>
    </ClCompile>
    <ClCompile Include="..\external\include\king\SdlSurface.cpp">
      <Filter>Source Files\kinglib</Filter>
    </ClCompile>
    <ClCompile Include="..\src\Util\Debug.cpp">
      <Filter>Source Files\Util</Filter>
    </ClCompile>
    <ClCompile Include="..\src\Util\EngineDebug.cpp">
      <Filter>Source Files\Util</Filter>
    </ClCompile>
    <ClCompile Include="..\src\GameLogic\PlayerActions.cpp">
      <Filter>Source Files\GameLogic</Filter>
    </ClCompile>
    <ClCompile Include="..\src\GameLogic\LineMatcher.cpp">
      <Filter>Source Files\GameLogic</Filter>
    </ClCompile>
    <ClCompile Include="..\src\Animation\ComposedSequentialAnimation.cpp">
      <Filter>Source Files\Animation</Filter>
    </ClCompile>
    <ClCompile Include="..\src\GameObject\IGameObject.cpp">
      <Filter>Source Files\GameObject</Filter>
    </ClCompile>
    <ClCompile Include="..\src\Gem\GemGenerator.cpp">
      <Filter>Source Files\Gem</Filter>
    </ClCompile>
    <ClCompile Include="..\src\Gem\MoveGemAnimation.cpp">
      <Filter>Source Files\Gem</Filter>
    </ClCompile>
    <ClCompile Include="..\src\Gem\DestroyGemAnimation.cpp">
      <Filter>Source Files\Gem</Filter>
    </ClCompile>
    <ClCompile Include="..\src\Gem\GemObject.cpp">
      <Filter>Source Files\Gem</Filter>
    </ClCompile>
    <ClCompile Include="..\src\Render\RenderController.cpp">
      <Filter>Source Files\Render</Filter>
    </ClCompile>
    <ClCompile Include="..\src\Gem\GemRenderer.cpp">
      <Filter>Source Files\Gem</Filter>
    </ClCompile>
    <ClCompile Include="..\src\Render\IRenderer.cpp">
      <Filter>Source Files</Filter>
    </ClCompile>
    <ClCompile Include="..\src\GameLogic\StarGameGemGenerator.cpp">
      <Filter>Source Files\GameLogic</Filter>
    </ClCompile>
    <ClCompile Include="..\src\GameLogic\LineRemover.cpp">
      <Filter>Source Files\GameLogic</Filter>
    </ClCompile>
    <ClCompile Include="..\src\GameLogic\SpawnGemGenerator.cpp">
      <Filter>Source Files\GameLogic</Filter>
    </ClCompile>
    <ClCompile Include="..\src\GameLogic\GemGravityShifter.cpp">
      <Filter>Source Files\GameLogic</Filter>
    </ClCompile>
    <ClCompile Include="..\src\GameLogic\GemAnimationUpdater.cpp">
      <Filter>Source Files\GameLogic</Filter>
    </ClCompile>
    <ClCompile Include="..\src\GameLogic\GameTimeController.cpp">
      <Filter>Source Files\GameLogic</Filter>
    </ClCompile>
    <ClCompile Include="..\src\Text\TextObject.cpp">
      <Filter>Source Files\Text</Filter>
    </ClCompile>
    <ClCompile Include="..\src\Text\TextRenderer.cpp">
      <Filter>Source Files\Text</Filter>
    </ClCompile>
    <ClCompile Include="..\src\GameBoard\Cell.cpp">
      <Filter>Source Files\GameBoard</Filter>
    </ClCompile>
    <ClCompile Include="..\src\GameBoard\Board.cpp">
      <Filter>Source Files\GameBoard</Filter>
    </ClCompile>
    <ClCompile Include="..\src\Scene\GamePlayScene.cpp">
      <Filter>Source Files\Scene</Filter>
    </ClCompile>
  </ItemGroup>
  <ItemGroup>
    <ClInclude Include="..\external\include\king\Engine.h">
      <Filter>Header Files\kinglib</Filter>
    </ClInclude>
    <ClInclude Include="..\external\include\king\Font.h">
      <Filter>Header Files\kinglib</Filter>
    </ClInclude>
    <ClInclude Include="..\external\include\king\GlContext.h">
      <Filter>Header Files\kinglib</Filter>
    </ClInclude>
    <ClInclude Include="..\external\include\king\Sdl.h">
      <Filter>Header Files\kinglib</Filter>
    </ClInclude>
    <ClInclude Include="..\external\include\king\SdlSurface.h">
      <Filter>Header Files\kinglib</Filter>
    </ClInclude>
    <ClInclude Include="..\external\include\king\SdlWindow.h">
      <Filter>Header Files\kinglib</Filter>
    </ClInclude>
    <ClInclude Include="..\external\include\king\Updater.h">
      <Filter>Header Files\kinglib</Filter>
    </ClInclude>
    <ClInclude Include="..\src\Geometry\BBox.hpp">
      <Filter>Header Files\Geometry</Filter>
    </ClInclude>
    <ClInclude Include="..\src\Geometry\Point.hpp">
      <Filter>Header Files\Geometry</Filter>
    </ClInclude>
    <ClInclude Include="..\src\Geometry\Vector.hpp">
      <Filter>Header Files\Geometry</Filter>
    </ClInclude>
    <ClInclude Include="..\src\Util\Debug.hpp">
      <Filter>Header Files\Util</Filter>
    </ClInclude>
    <ClInclude Include="..\src\Util\EngineDebug.hpp">
      <Filter>Header Files\Util</Filter>
    </ClInclude>
    <ClInclude Include="..\src\GameLogic\PlayerActions.hpp">
      <Filter>Header Files\GameLogic</Filter>
    </ClInclude>
    <ClInclude Include="..\src\GameLogic\LineMatcher.hpp">
      <Filter>Header Files\GameLogic</Filter>
    </ClInclude>
    <ClInclude Include="..\src\Animation\ComposedSequentialAnimation.hpp">
      <Filter>Header Files\Animation</Filter>
    </ClInclude>
    <ClInclude Include="..\src\Animation\IAnimation.hpp">
      <Filter>Header Files\Animation</Filter>
    </ClInclude>
    <ClInclude Include="..\src\GameObject\IGameObject.hpp">
      <Filter>Header Files\GameObject</Filter>
    </ClInclude>
    <ClInclude Include="..\src\Gem\GemGenerator.hpp">
      <Filter>Header Files\Gem</Filter>
    </ClInclude>
    <ClInclude Include="..\src\Gem\MoveGemAnimation.hpp">
      <Filter>Header Files\Gem</Filter>
    </ClInclude>
    <ClInclude Include="..\src\Gem\DestroyGemAnimation.hpp">
      <Filter>Header Files\Gem</Filter>
    </ClInclude>
    <ClInclude Include="..\src\Gem\GemObject.hpp">
      <Filter>Header Files\Gem</Filter>
    </ClInclude>
    <ClInclude Include="..\src\Render\IRenderer.hpp">
      <Filter>Header Files\Render</Filter>
    </ClInclude>
    <ClInclude Include="..\src\Render\RenderController.hpp">
      <Filter>Header Files\Render</Filter>
    </ClInclude>
    <ClInclude Include="..\src\Gem\GemRenderer.hpp">
      <Filter>Header Files\Gem</Filter>
    </ClInclude>
    <ClInclude Include="..\src\GameLogic\StarGameGemGenerator.hpp">
      <Filter>Header Files\GameLogic</Filter>
    </ClInclude>
    <ClInclude Include="..\src\GameLogic\LineRemover.hpp">
      <Filter>Header Files\GameLogic</Filter>
    </ClInclude>
    <ClInclude Include="..\src\Util\Singleton.hpp">
      <Filter>Header Files\Util</Filter>
    </ClInclude>
    <ClInclude Include="..\src\GameLogic\SpawnGemGenerator.hpp">
      <Filter>Header Files\GameLogic</Filter>
    </ClInclude>
    <ClInclude Include="..\src\GameLogic\GemGravityShifter.hpp">
      <Filter>Header Files\GameLogic</Filter>
    </ClInclude>
    <ClInclude Include="..\src\GameLogic\GemAnimationUpdater.hpp">
      <Filter>Header Files\GameLogic</Filter>
    </ClInclude>
    <ClInclude Include="..\src\GameLogic\GameTimeController.hpp">
      <Filter>Header Files\GameLogic</Filter>
    </ClInclude>
    <ClInclude Include="..\src\Text\TextObject.hpp">
      <Filter>Header Files\Text</Filter>
    </ClInclude>
    <ClInclude Include="..\src\Text\TextRenderer.hpp">
      <Filter>Header Files\Text</Filter>
    </ClInclude>
    <ClInclude Include="..\src\GameBoard\Board.hpp">
      <Filter>Header Files\GameBoard</Filter>
    </ClInclude>
    <ClInclude Include="..\src\GameBoard\Cell.hpp">
      <Filter>Header Files\GameBoard</Filter>
    </ClInclude>
    <ClInclude Include="..\src\Scene\GamePlayScene.hpp">
      <Filter>Header Files\Scene</Filter>
    </ClInclude>
  </ItemGroup>
</Project>